
Microsoft Visual Studio Solution File, Format Version 12.00
# Visual Studio 15
VisualStudioVersion = 15.0.28307.136
MinimumVisualStudioVersion = 10.0.40219.1
Project("{9A19103F-16F7-4668-BE54-9A1E7A4F7556}") = "Nested.Samples.RegionsHierarchy", "Nested.Samples.RegionsHierarchy\Nested.Samples.RegionsHierarchy.csproj", "{B7867952-8EC7-4471-8E4E-F73A73DE9A7F}"
EndProject
Project("{9A19103F-16F7-4668-BE54-9A1E7A4F7556}") = "Nested.LinqExtensions.Tests", "Nested.LinqExtensions.Tests\Nested.Linqextensions.Tests.csproj", "{9F6305B1-E365-4FC2-B0DC-2DB7C3600341}"
EndProject
Project("{9A19103F-16F7-4668-BE54-9A1E7A4F7556}") = "Nested.LinqExtensions", "Nested.LinqExtensions\Nested.LinqExtensions.csproj", "{AE4FDC70-AD91-4B97-9CE6-BD053582C5A0}"
EndProject
Global
	GlobalSection(SolutionConfigurationPlatforms) = preSolution
		Debug|Any CPU = Debug|Any CPU
		Release|Any CPU = Release|Any CPU
	EndGlobalSection
	GlobalSection(ProjectConfigurationPlatforms) = postSolution
		{B7867952-8EC7-4471-8E4E-F73A73DE9A7F}.Debug|Any CPU.ActiveCfg = Debug|Any CPU
		{B7867952-8EC7-4471-8E4E-F73A73DE9A7F}.Debug|Any CPU.Build.0 = Debug|Any CPU
		{B7867952-8EC7-4471-8E4E-F73A73DE9A7F}.Release|Any CPU.ActiveCfg = Release|Any CPU
		{B7867952-8EC7-4471-8E4E-F73A73DE9A7F}.Release|Any CPU.Build.0 = Release|Any CPU
		{9F6305B1-E365-4FC2-B0DC-2DB7C3600341}.Debug|Any CPU.ActiveCfg = Debug|Any CPU
		{9F6305B1-E365-4FC2-B0DC-2DB7C3600341}.Debug|Any CPU.Build.0 = Debug|Any CPU
		{9F6305B1-E365-4FC2-B0DC-2DB7C3600341}.Release|Any CPU.ActiveCfg = Release|Any CPU
		{9F6305B1-E365-4FC2-B0DC-2DB7C3600341}.Release|Any CPU.Build.0 = Release|Any CPU
		{AE4FDC70-AD91-4B97-9CE6-BD053582C5A0}.Debug|Any CPU.ActiveCfg = Debug|Any CPU
		{AE4FDC70-AD91-4B97-9CE6-BD053582C5A0}.Debug|Any CPU.Build.0 = Debug|Any CPU
		{AE4FDC70-AD91-4B97-9CE6-BD053582C5A0}.Release|Any CPU.ActiveCfg = Release|Any CPU
		{AE4FDC70-AD91-4B97-9CE6-BD053582C5A0}.Release|Any CPU.Build.0 = Release|Any CPU
	EndGlobalSection
	GlobalSection(SolutionProperties) = preSolution
		HideSolutionNode = FALSE
	EndGlobalSection
	GlobalSection(ExtensibilityGlobals) = postSolution
		SolutionGuid = {D6B4E658-29B9-4F38-A102-20C0BC880917}
	EndGlobalSection
EndGlobal
